
Microsoft Visual Studio Solution File, Format Version 12.00
# Visual Studio Version 17
VisualStudioVersion = 17.8.34330.188
MinimumVisualStudioVersion = 10.0.40219.1
Project("{9A19103F-16F7-4668-BE54-9A1E7A4F7556}") = "ProwayWebMvc", "ProwayWebMvc\ProwayWebMvc.csproj", "{545663FF-102C-4166-8714-2EA56337C566}"
EndProject
Project("{9A19103F-16F7-4668-BE54-9A1E7A4F7556}") = "SupermercadoRepositorios", "SupermercadoRepositorios\SupermercadoRepositorios.csproj", "{A337FB5A-1151-41C3-B760-26069BB77F3D}"
EndProject
Project("{9A19103F-16F7-4668-BE54-9A1E7A4F7556}") = "SupermercadoServicos", "SupermercadoServicos\SupermercadoServicos.csproj", "{7FAAC5E6-E38B-4DCC-82A7-1FBDE6762E85}"
EndProject
Project("{2150E333-8FDC-42A3-9474-1A3956D46DE8}") = "00 - Aplicacao", "00 - Aplicacao", "{8C986EF0-2FA4-4736-8CF6-7FED2AFBD87B}"
EndProject
Project("{2150E333-8FDC-42A3-9474-1A3956D46DE8}") = "01 - Servico", "01 - Servico", "{B07D76E8-A3C2-4B6F-8056-46379FC256C4}"
EndProject
Project("{2150E333-8FDC-42A3-9474-1A3956D46DE8}") = "02 - Repositorio", "02 - Repositorio", "{44F39881-719E-4CD5-9E24-FCE94142C237}"
EndProject
Global
	GlobalSection(SolutionConfigurationPlatforms) = preSolution
		Debug|Any CPU = Debug|Any CPU
		Release|Any CPU = Release|Any CPU
	EndGlobalSection
	GlobalSection(ProjectConfigurationPlatforms) = postSolution
		{545663FF-102C-4166-8714-2EA56337C566}.Debug|Any CPU.ActiveCfg = Debug|Any CPU
		{545663FF-102C-4166-8714-2EA56337C566}.Debug|Any CPU.Build.0 = Debug|Any CPU
		{545663FF-102C-4166-8714-2EA56337C566}.Release|Any CPU.ActiveCfg = Release|Any CPU
		{545663FF-102C-4166-8714-2EA56337C566}.Release|Any CPU.Build.0 = Release|Any CPU
		{A337FB5A-1151-41C3-B760-26069BB77F3D}.Debug|Any CPU.ActiveCfg = Debug|Any CPU
		{A337FB5A-1151-41C3-B760-26069BB77F3D}.Debug|Any CPU.Build.0 = Debug|Any CPU
		{A337FB5A-1151-41C3-B760-26069BB77F3D}.Release|Any CPU.ActiveCfg = Release|Any CPU
		{A337FB5A-1151-41C3-B760-26069BB77F3D}.Release|Any CPU.Build.0 = Release|Any CPU
		{7FAAC5E6-E38B-4DCC-82A7-1FBDE6762E85}.Debug|Any CPU.ActiveCfg = Debug|Any CPU
		{7FAAC5E6-E38B-4DCC-82A7-1FBDE6762E85}.Debug|Any CPU.Build.0 = Debug|Any CPU
		{7FAAC5E6-E38B-4DCC-82A7-1FBDE6762E85}.Release|Any CPU.ActiveCfg = Release|Any CPU
		{7FAAC5E6-E38B-4DCC-82A7-1FBDE6762E85}.Release|Any CPU.Build.0 = Release|Any CPU
	EndGlobalSection
	GlobalSection(SolutionProperties) = preSolution
		HideSolutionNode = FALSE
	EndGlobalSection
	GlobalSection(NestedProjects) = preSolution
		{545663FF-102C-4166-8714-2EA56337C566} = {8C986EF0-2FA4-4736-8CF6-7FED2AFBD87B}
		{A337FB5A-1151-41C3-B760-26069BB77F3D} = {44F39881-719E-4CD5-9E24-FCE94142C237}
		{7FAAC5E6-E38B-4DCC-82A7-1FBDE6762E85} = {B07D76E8-A3C2-4B6F-8056-46379FC256C4}
	EndGlobalSection
	GlobalSection(ExtensibilityGlobals) = postSolution
		SolutionGuid = {20F65F6D-F79A-4E5A-9B51-A024EA6A99A7}
	EndGlobalSection
EndGlobal
